// !$*UTF8*$!
{
	archiveVersion = 1;
	classes = {
	};
	objectVersion = 55;
	objects = {

/* Begin PBXBuildFile section */
		D1219050278DE819002AC5A9 /* AppDelegate.swift in Sources */ = {isa = PBXBuildFile; fileRef = D121904F278DE819002AC5A9 /* AppDelegate.swift */; };
		D1219052278DE819002AC5A9 /* SceneDelegate.swift in Sources */ = {isa = PBXBuildFile; fileRef = D1219051278DE819002AC5A9 /* SceneDelegate.swift */; };
		D1219057278DE819002AC5A9 /* Main.storyboard in Resources */ = {isa = PBXBuildFile; fileRef = D1219055278DE819002AC5A9 /* Main.storyboard */; };
		D1219059278DE81B002AC5A9 /* Assets.xcassets in Resources */ = {isa = PBXBuildFile; fileRef = D1219058278DE81B002AC5A9 /* Assets.xcassets */; };
		D121905C278DE81B002AC5A9 /* LaunchScreen.storyboard in Resources */ = {isa = PBXBuildFile; fileRef = D121905A278DE81B002AC5A9 /* LaunchScreen.storyboard */; };
		D121906B278DEF7C002AC5A9 /* MainTabController.swift in Sources */ = {isa = PBXBuildFile; fileRef = D121906A278DEF7C002AC5A9 /* MainTabController.swift */; };
		D121906D278F541D002AC5A9 /* FeedController.swift in Sources */ = {isa = PBXBuildFile; fileRef = D121906C278F541D002AC5A9 /* FeedController.swift */; };
		D121906F278F5498002AC5A9 /* ExploreController.swift in Sources */ = {isa = PBXBuildFile; fileRef = D121906E278F5498002AC5A9 /* ExploreController.swift */; };
		D1219071278F54B2002AC5A9 /* NotificationsController.swift in Sources */ = {isa = PBXBuildFile; fileRef = D1219070278F54B2002AC5A9 /* NotificationsController.swift */; };
		D1219073278F54D3002AC5A9 /* ConversationsController.swift in Sources */ = {isa = PBXBuildFile; fileRef = D1219072278F54D3002AC5A9 /* ConversationsController.swift */; };
/* End PBXBuildFile section */

/* Begin PBXFileReference section */
		D121904C278DE819002AC5A9 /* Twitter-MVVM.app */ = {isa = PBXFileReference; explicitFileType = wrapper.application; includeInIndex = 0; path = "Twitter-MVVM.app"; sourceTree = BUILT_PRODUCTS_DIR; };
		D121904F278DE819002AC5A9 /* AppDelegate.swift */ = {isa = PBXFileReference; lastKnownFileType = sourcecode.swift; path = AppDelegate.swift; sourceTree = "<group>"; };
		D1219051278DE819002AC5A9 /* SceneDelegate.swift */ = {isa = PBXFileReference; lastKnownFileType = sourcecode.swift; path = SceneDelegate.swift; sourceTree = "<group>"; };
		D1219056278DE819002AC5A9 /* Base */ = {isa = PBXFileReference; lastKnownFileType = file.storyboard; name = Base; path = Base.lproj/Main.storyboard; sourceTree = "<group>"; };
		D1219058278DE81B002AC5A9 /* Assets.xcassets */ = {isa = PBXFileReference; lastKnownFileType = folder.assetcatalog; path = Assets.xcassets; sourceTree = "<group>"; };
		D121905B278DE81B002AC5A9 /* Base */ = {isa = PBXFileReference; lastKnownFileType = file.storyboard; name = Base; path = Base.lproj/LaunchScreen.storyboard; sourceTree = "<group>"; };
		D121905D278DE81B002AC5A9 /* Info.plist */ = {isa = PBXFileReference; lastKnownFileType = text.plist.xml; path = Info.plist; sourceTree = "<group>"; };
		D121906A278DEF7C002AC5A9 /* MainTabController.swift */ = {isa = PBXFileReference; lastKnownFileType = sourcecode.swift; path = MainTabController.swift; sourceTree = "<group>"; };
		D121906C278F541D002AC5A9 /* FeedController.swift */ = {isa = PBXFileReference; lastKnownFileType = sourcecode.swift; path = FeedController.swift; sourceTree = "<group>"; };
		D121906E278F5498002AC5A9 /* ExploreController.swift */ = {isa = PBXFileReference; lastKnownFileType = sourcecode.swift; path = ExploreController.swift; sourceTree = "<group>"; };
		D1219070278F54B2002AC5A9 /* NotificationsController.swift */ = {isa = PBXFileReference; lastKnownFileType = sourcecode.swift; path = NotificationsController.swift; sourceTree = "<group>"; };
		D1219072278F54D3002AC5A9 /* ConversationsController.swift */ = {isa = PBXFileReference; lastKnownFileType = sourcecode.swift; path = ConversationsController.swift; sourceTree = "<group>"; };
/* End PBXFileReference section */

/* Begin PBXFrameworksBuildPhase section */
		D1219049278DE819002AC5A9 /* Frameworks */ = {
			isa = PBXFrameworksBuildPhase;
			buildActionMask = 2147483647;
			files = (
			);
			runOnlyForDeploymentPostprocessing = 0;
		};
/* End PBXFrameworksBuildPhase section */

/* Begin PBXGroup section */
		D1219043278DE819002AC5A9 = {
			isa = PBXGroup;
			children = (
				D121904E278DE819002AC5A9 /* Twitter-MVVM */,
				D121904D278DE819002AC5A9 /* Products */,
			);
			sourceTree = "<group>";
		};
		D121904D278DE819002AC5A9 /* Products */ = {
			isa = PBXGroup;
			children = (
				D121904C278DE819002AC5A9 /* Twitter-MVVM.app */,
			);
			name = Products;
			sourceTree = "<group>";
		};
		D121904E278DE819002AC5A9 /* Twitter-MVVM */ = {
			isa = PBXGroup;
			children = (
				D1219069278DEE8B002AC5A9 /* Model */,
				D1219068278DEE89002AC5A9 /* View */,
				D1219067278DEE88002AC5A9 /* ViewModel */,
				D1219066278DEE86002AC5A9 /* Controller */,
				D1219065278DEE7E002AC5A9 /* API */,
				D1219063278DE857002AC5A9 /* Utils */,
				D121904F278DE819002AC5A9 /* AppDelegate.swift */,
				D1219051278DE819002AC5A9 /* SceneDelegate.swift */,
				D1219055278DE819002AC5A9 /* Main.storyboard */,
				D1219058278DE81B002AC5A9 /* Assets.xcassets */,
				D121905A278DE81B002AC5A9 /* LaunchScreen.storyboard */,
				D121905D278DE81B002AC5A9 /* Info.plist */,
			);
			path = "Twitter-MVVM";
			sourceTree = "<group>";
		};
		D1219063278DE857002AC5A9 /* Utils */ = {
			isa = PBXGroup;
			children = (
			);
			path = Utils;
			sourceTree = "<group>";
		};
		D1219065278DEE7E002AC5A9 /* API */ = {
			isa = PBXGroup;
			children = (
			);
			path = API;
			sourceTree = "<group>";
		};
		D1219066278DEE86002AC5A9 /* Controller */ = {
			isa = PBXGroup;
			children = (
				D121906A278DEF7C002AC5A9 /* MainTabController.swift */,
				D121906C278F541D002AC5A9 /* FeedController.swift */,
				D121906E278F5498002AC5A9 /* ExploreController.swift */,
				D1219070278F54B2002AC5A9 /* NotificationsController.swift */,
				D1219072278F54D3002AC5A9 /* ConversationsController.swift */,
			);
			path = Controller;
			sourceTree = "<group>";
		};
		D1219067278DEE88002AC5A9 /* ViewModel */ = {
			isa = PBXGroup;
			children = (
			);
			path = ViewModel;
			sourceTree = "<group>";
		};
		D1219068278DEE89002AC5A9 /* View */ = {
			isa = PBXGroup;
			children = (
			);
			path = View;
			sourceTree = "<group>";
		};
		D1219069278DEE8B002AC5A9 /* Model */ = {
			isa = PBXGroup;
			children = (
			);
			path = Model;
			sourceTree = "<group>";
		};
/* End PBXGroup section */

/* Begin PBXNativeTarget section */
		D121904B278DE819002AC5A9 /* Twitter-MVVM */ = {
			isa = PBXNativeTarget;
			buildConfigurationList = D1219060278DE81B002AC5A9 /* Build configuration list for PBXNativeTarget "Twitter-MVVM" */;
			buildPhases = (
				D1219048278DE819002AC5A9 /* Sources */,
				D1219049278DE819002AC5A9 /* Frameworks */,
				D121904A278DE819002AC5A9 /* Resources */,
			);
			buildRules = (
			);
			dependencies = (
			);
			name = "Twitter-MVVM";
			productName = "Twitter-MVVM";
			productReference = D121904C278DE819002AC5A9 /* Twitter-MVVM.app */;
			productType = "com.apple.product-type.application";
		};
/* End PBXNativeTarget section */

/* Begin PBXProject section */
		D1219044278DE819002AC5A9 /* Project object */ = {
			isa = PBXProject;
			attributes = {
				BuildIndependentTargetsInParallel = 1;
				LastSwiftUpdateCheck = 1320;
				LastUpgradeCheck = 1320;
				TargetAttributes = {
					D121904B278DE819002AC5A9 = {
						CreatedOnToolsVersion = 13.2.1;
					};
				};
			};
			buildConfigurationList = D1219047278DE819002AC5A9 /* Build configuration list for PBXProject "Twitter-MVVM" */;
			compatibilityVersion = "Xcode 13.0";
			developmentRegion = en;
			hasScannedForEncodings = 0;
			knownRegions = (
				en,
				Base,
			);
			mainGroup = D1219043278DE819002AC5A9;
			productRefGroup = D121904D278DE819002AC5A9 /* Products */;
			projectDirPath = "";
			projectRoot = "";
			targets = (
				D121904B278DE819002AC5A9 /* Twitter-MVVM */,
			);
		};
/* End PBXProject section */

/* Begin PBXResourcesBuildPhase section */
		D121904A278DE819002AC5A9 /* Resources */ = {
			isa = PBXResourcesBuildPhase;
			buildActionMask = 2147483647;
			files = (
				D121905C278DE81B002AC5A9 /* LaunchScreen.storyboard in Resources */,
				D1219059278DE81B002AC5A9 /* Assets.xcassets in Resources */,
				D1219057278DE819002AC5A9 /* Main.storyboard in Resources */,
			);
			runOnlyForDeploymentPostprocessing = 0;
		};
/* End PBXResourcesBuildPhase section */

/* Begin PBXSourcesBuildPhase section */
		D1219048278DE819002AC5A9 /* Sources */ = {
			isa = PBXSourcesBuildPhase;
			buildActionMask = 2147483647;
			files = (
				D1219071278F54B2002AC5A9 /* NotificationsController.swift in Sources */,
				D1219073278F54D3002AC5A9 /* ConversationsController.swift in Sources */,
				D1219050278DE819002AC5A9 /* AppDelegate.swift in Sources */,
				D121906F278F5498002AC5A9 /* ExploreController.swift in Sources */,
				D121906B278DEF7C002AC5A9 /* MainTabController.swift in Sources */,
				D1219052278DE819002AC5A9 /* SceneDelegate.swift in Sources */,
				D121906D278F541D002AC5A9 /* FeedController.swift in Sources */,
			);
			runOnlyForDeploymentPostprocessing = 0;
		};
/* End PBXSourcesBuildPhase section */

/* Begin PBXVariantGroup section */
		D1219055278DE819002AC5A9 /* Main.storyboard */ = {
			isa = PBXVariantGroup;
			children = (
				D1219056278DE819002AC5A9 /* Base */,
			);
			name = Main.storyboard;
			sourceTree = "<group>";
		};
		D121905A278DE81B002AC5A9 /* LaunchScreen.storyboard */ = {
			isa = PBXVariantGroup;
			children = (
				D121905B278DE81B002AC5A9 /* Base */,
			);
			name = LaunchScreen.storyboard;
			sourceTree = "<group>";
		};
/* End PBXVariantGroup section */

/* Begin XCBuildConfiguration section */
		D121905E278DE81B002AC5A9 /* Debug */ = {
			isa = XCBuildConfiguration;
			buildSettings = {
				ALWAYS_SEARCH_USER_PATHS = NO;
				CLANG_ANALYZER_NONNULL = YES;
				CLANG_ANALYZER_NUMBER_OBJECT_CONVERSION = YES_AGGRESSIVE;
				CLANG_CXX_LANGUAGE_STANDARD = "gnu++17";
				CLANG_CXX_LIBRARY = "libc++";
				CLANG_ENABLE_MODULES = YES;
				CLANG_ENABLE_OBJC_ARC = YES;
				CLANG_ENABLE_OBJC_WEAK = YES;
				CLANG_WARN_BLOCK_CAPTURE_AUTORELEASING = YES;
				CLANG_WARN_BOOL_CONVERSION = YES;
				CLANG_WARN_COMMA = YES;
				CLANG_WARN_CONSTANT_CONVERSION = YES;
				CLANG_WARN_DEPRECATED_OBJC_IMPLEMENTATIONS = YES;
				CLANG_WARN_DIRECT_OBJC_ISA_USAGE = YES_ERROR;
				CLANG_WARN_DOCUMENTATION_COMMENTS = YES;
				CLANG_WARN_EMPTY_BODY = YES;
				CLANG_WARN_ENUM_CONVERSION = YES;
				CLANG_WARN_INFINITE_RECURSION = YES;
				CLANG_WARN_INT_CONVERSION = YES;
				CLANG_WARN_NON_LITERAL_NULL_CONVERSION = YES;
				CLANG_WARN_OBJC_IMPLICIT_RETAIN_SELF = YES;
				CLANG_WARN_OBJC_LITERAL_CONVERSION = YES;
				CLANG_WARN_OBJC_ROOT_CLASS = YES_ERROR;
				CLANG_WARN_QUOTED_INCLUDE_IN_FRAMEWORK_HEADER = YES;
				CLANG_WARN_RANGE_LOOP_ANALYSIS = YES;
				CLANG_WARN_STRICT_PROTOTYPES = YES;
				CLANG_WARN_SUSPICIOUS_MOVE = YES;
				CLANG_WARN_UNGUARDED_AVAILABILITY = YES_AGGRESSIVE;
				CLANG_WARN_UNREACHABLE_CODE = YES;
				CLANG_WARN__DUPLICATE_METHOD_MATCH = YES;
				COPY_PHASE_STRIP = NO;
				DEBUG_INFORMATION_FORMAT = dwarf;
				ENABLE_STRICT_OBJC_MSGSEND = YES;
				ENABLE_TESTABILITY = YES;
				GCC_C_LANGUAGE_STANDARD = gnu11;
				GCC_DYNAMIC_NO_PIC = NO;
				GCC_NO_COMMON_BLOCKS = YES;
				GCC_OPTIMIZATION_LEVEL = 0;
				GCC_PREPROCESSOR_DEFINITIONS = (
					"DEBUG=1",
					"$(inherited)",
				);
				GCC_WARN_64_TO_32_BIT_CONVERSION = YES;
				GCC_WARN_ABOUT_RETURN_TYPE = YES_ERROR;
				GCC_WARN_UNDECLARED_SELECTOR = YES;
				GCC_WARN_UNINITIALIZED_AUTOS = YES_AGGRESSIVE;
				GCC_WARN_UNUSED_FUNCTION = YES;
				GCC_WARN_UNUSED_VARIABLE = YES;
				IPHONEOS_DEPLOYMENT_TARGET = 15.2;
				MTL_ENABLE_DEBUG_INFO = INCLUDE_SOURCE;
				MTL_FAST_MATH = YES;
				ONLY_ACTIVE_ARCH = YES;
				SDKROOT = iphoneos;
				SWIFT_ACTIVE_COMPILATION_CONDITIONS = DEBUG;
				SWIFT_OPTIMIZATION_LEVEL = "-Onone";
			};
			name = Debug;
		};
		D121905F278DE81B002AC5A9 /* Release */ = {
			isa = XCBuildConfiguration;
			buildSettings = {
				ALWAYS_SEARCH_USER_PATHS = NO;
				CLANG_ANALYZER_NONNULL = YES;
				CLANG_ANALYZER_NUMBER_OBJECT_CONVERSION = YES_AGGRESSIVE;
				CLANG_CXX_LANGUAGE_STANDARD = "gnu++17";
				CLANG_CXX_LIBRARY = "libc++";
				CLANG_ENABLE_MODULES = YES;
				CLANG_ENABLE_OBJC_ARC = YES;
				CLANG_ENABLE_OBJC_WEAK = YES;
				CLANG_WARN_BLOCK_CAPTURE_AUTORELEASING = YES;
				CLANG_WARN_BOOL_CONVERSION = YES;
				CLANG_WARN_COMMA = YES;
				CLANG_WARN_CONSTANT_CONVERSION = YES;
				CLANG_WARN_DEPRECATED_OBJC_IMPLEMENTATIONS = YES;
				CLANG_WARN_DIRECT_OBJC_ISA_USAGE = YES_ERROR;
				CLANG_WARN_DOCUMENTATION_COMMENTS = YES;
				CLANG_WARN_EMPTY_BODY = YES;
				CLANG_WARN_ENUM_CONVERSION = YES;
				CLANG_WARN_INFINITE_RECURSION = YES;
				CLANG_WARN_INT_CONVERSION = YES;
				CLANG_WARN_NON_LITERAL_NULL_CONVERSION = YES;
				CLANG_WARN_OBJC_IMPLICIT_RETAIN_SELF = YES;
				CLANG_WARN_OBJC_LITERAL_CONVERSION = YES;
				CLANG_WARN_OBJC_ROOT_CLASS = YES_ERROR;
				CLANG_WARN_QUOTED_INCLUDE_IN_FRAMEWORK_HEADER = YES;
				CLANG_WARN_RANGE_LOOP_ANALYSIS = YES;
				CLANG_WARN_STRICT_PROTOTYPES = YES;
				CLANG_WARN_SUSPICIOUS_MOVE = YES;
				CLANG_WARN_UNGUARDED_AVAILABILITY = YES_AGGRESSIVE;
				CLANG_WARN_UNREACHABLE_CODE = YES;
				CLANG_WARN__DUPLICATE_METHOD_MATCH = YES;
				COPY_PHASE_STRIP = NO;
				DEBUG_INFORMATION_FORMAT = "dwarf-with-dsym";
				ENABLE_NS_ASSERTIONS = NO;
				ENABLE_STRICT_OBJC_MSGSEND = YES;
				GCC_C_LANGUAGE_STANDARD = gnu11;
				GCC_NO_COMMON_BLOCKS = YES;
				GCC_WARN_64_TO_32_BIT_CONVERSION = YES;
				GCC_WARN_ABOUT_RETURN_TYPE = YES_ERROR;
				GCC_WARN_UNDECLARED_SELECTOR = YES;
				GCC_WARN_UNINITIALIZED_AUTOS = YES_AGGRESSIVE;
				GCC_WARN_UNUSED_FUNCTION = YES;
				GCC_WARN_UNUSED_VARIABLE = YES;
				IPHONEOS_DEPLOYMENT_TARGET = 15.2;
				MTL_ENABLE_DEBUG_INFO = NO;
				MTL_FAST_MATH = YES;
				SDKROOT = iphoneos;
				SWIFT_COMPILATION_MODE = wholemodule;
				SWIFT_OPTIMIZATION_LEVEL = "-O";
				VALIDATE_PRODUCT = YES;
			};
			name = Release;
		};
		D1219061278DE81B002AC5A9 /* Debug */ = {
			isa = XCBuildConfiguration;
			buildSettings = {
				ASSETCATALOG_COMPILER_APPICON_NAME = AppIcon;
				ASSETCATALOG_COMPILER_GLOBAL_ACCENT_COLOR_NAME = AccentColor;
				CODE_SIGN_STYLE = Automatic;
				CURRENT_PROJECT_VERSION = 1;
				DEVELOPMENT_TEAM = Z56UVR5Q3Z;
				GENERATE_INFOPLIST_FILE = YES;
				INFOPLIST_FILE = "Twitter-MVVM/Info.plist";
				INFOPLIST_KEY_UIApplicationSupportsIndirectInputEvents = YES;
				INFOPLIST_KEY_UILaunchStoryboardName = LaunchScreen;
				INFOPLIST_KEY_UIMainStoryboardFile = Main;
				INFOPLIST_KEY_UISupportedInterfaceOrientations_iPad = "UIInterfaceOrientationPortrait UIInterfaceOrientationPortraitUpsideDown UIInterfaceOrientationLandscapeLeft UIInterfaceOrientationLandscapeRight";
				INFOPLIST_KEY_UISupportedInterfaceOrientations_iPhone = "UIInterfaceOrientationPortrait UIInterfaceOrientationLandscapeLeft UIInterfaceOrientationLandscapeRight";
				LD_RUNPATH_SEARCH_PATHS = (
					"$(inherited)",
					"@executable_path/Frameworks",
				);
				MARKETING_VERSION = 1.0;
				PRODUCT_BUNDLE_IDENTIFIER = "com.justynakowalkowska.Twitter-MVVM";
				PRODUCT_NAME = "$(TARGET_NAME)";
				SWIFT_EMIT_LOC_STRINGS = YES;
				SWIFT_VERSION = 5.0;
				TARGETED_DEVICE_FAMILY = "1,2";
			};
			name = Debug;
		};
		D1219062278DE81B002AC5A9 /* Release */ = {
			isa = XCBuildConfiguration;
			buildSettings = {
				ASSETCATALOG_COMPILER_APPICON_NAME = AppIcon;
				ASSETCATALOG_COMPILER_GLOBAL_ACCENT_COLOR_NAME = AccentColor;
				CODE_SIGN_STYLE = Automatic;
				CURRENT_PROJECT_VERSION = 1;
				DEVELOPMENT_TEAM = Z56UVR5Q3Z;
				GENERATE_INFOPLIST_FILE = YES;
				INFOPLIST_FILE = "Twitter-MVVM/Info.plist";
				INFOPLIST_KEY_UIApplicationSupportsIndirectInputEvents = YES;
				INFOPLIST_KEY_UILaunchStoryboardName = LaunchScreen;
				INFOPLIST_KEY_UIMainStoryboardFile = Main;
				INFOPLIST_KEY_UISupportedInterfaceOrientations_iPad = "UIInterfaceOrientationPortrait UIInterfaceOrientationPortraitUpsideDown UIInterfaceOrientationLandscapeLeft UIInterfaceOrientationLandscapeRight";
				INFOPLIST_KEY_UISupportedInterfaceOrientations_iPhone = "UIInterfaceOrientationPortrait UIInterfaceOrientationLandscapeLeft UIInterfaceOrientationLandscapeRight";
				LD_RUNPATH_SEARCH_PATHS = (
					"$(inherited)",
					"@executable_path/Frameworks",
				);
				MARKETING_VERSION = 1.0;
				PRODUCT_BUNDLE_IDENTIFIER = "com.justynakowalkowska.Twitter-MVVM";
				PRODUCT_NAME = "$(TARGET_NAME)";
				SWIFT_EMIT_LOC_STRINGS = YES;
				SWIFT_VERSION = 5.0;
				TARGETED_DEVICE_FAMILY = "1,2";
			};
			name = Release;
		};
/* End XCBuildConfiguration section */

/* Begin XCConfigurationList section */
		D1219047278DE819002AC5A9 /* Build configuration list for PBXProject "Twitter-MVVM" */ = {
			isa = XCConfigurationList;
			buildConfigurations = (
				D121905E278DE81B002AC5A9 /* Debug */,
				D121905F278DE81B002AC5A9 /* Release */,
			);
			defaultConfigurationIsVisible = 0;
			defaultConfigurationName = Release;
		};
		D1219060278DE81B002AC5A9 /* Build configuration list for PBXNativeTarget "Twitter-MVVM" */ = {
			isa = XCConfigurationList;
			buildConfigurations = (
				D1219061278DE81B002AC5A9 /* Debug */,
				D1219062278DE81B002AC5A9 /* Release */,
			);
			defaultConfigurationIsVisible = 0;
			defaultConfigurationName = Release;
		};
/* End XCConfigurationList section */
	};
	rootObject = D1219044278DE819002AC5A9 /* Project object */;
}
